{
  "name": "halo-2.20.18",
  "lockfileVersion": 3,
  "requires": true,
  "packages": {
    "": {
      "dependencies": {
        "pnpm": "^10.8.1"
      }
    },
    "node_modules/pnpm": {
      "version": "10.8.1",
      "resolved": "https://registry.npmjs.org/pnpm/-/pnpm-10.8.1.tgz",
      "integrity": "sha512-xQCIupmMZ7jKjJnfil4C/Sri4rKaryOP6qnhJCSNP0j5+22yQklJ/5Ac/7teDwzBrWrttgLNKUUHUdEcNQI2dw==",
      "license": "MIT",
      "bin": {
        "pnpm": "bin/pnpm.cjs",
        "pnpx": "bin/pnpx.cjs"
      },
      "engines": {
        "node": ">=18.12"
      },
      "funding": {
        "url": "https://opencollective.com/pnpm"
      }
    }
  }
}
